
Microsoft Visual Studio Solution File, Format Version 12.00
# Visual Studio Version 16
VisualStudioVersion = 16.0.30114.105
MinimumVisualStudioVersion = 10.0.40219.1
Project("{2150E333-8FDC-42A3-9474-1A3956D46DE8}") = "src", "src", "{80EF6A7B-7483-4B69-816D-461AE3C2640F}"
EndProject
Project("{FAE04EC0-301F-11D3-BF4B-00C04F79EFBC}") = "Identity.API", "src\Identity.API\Identity.API.csproj", "{F705B096-F3B1-423E-84E6-EB46AF7F9820}"
EndProject
Project("{2150E333-8FDC-42A3-9474-1A3956D46DE8}") = "Ex", "Ex", "{282655AB-4E36-45F5-8A8D-99EA6F38DB78}"
EndProject
Project("{FAE04EC0-301F-11D3-BF4B-00C04F79EFBC}") = "Ex.API", "src\Ex\Ex.API\Ex.API.csproj", "{31A7FFA5-4EBF-45B2-9643-C9A12788AF2C}"
EndProject
Project("{FAE04EC0-301F-11D3-BF4B-00C04F79EFBC}") = "Ex.App", "src\Ex\Ex.App\Ex.App.csproj", "{9C3BFE08-2A79-46F5-9011-5FD21D38E0BD}"
EndProject
Project("{FAE04EC0-301F-11D3-BF4B-00C04F79EFBC}") = "Ex.Domain", "src\Ex\Ex.Domain\Ex.Domain.csproj", "{F0C6CF92-6CD6-432A-AB96-F58B36C61652}"
EndProject
Project("{FAE04EC0-301F-11D3-BF4B-00C04F79EFBC}") = "Ex.Infra", "src\Ex\Ex.Infra\Ex.Infra.csproj", "{155FEFEB-D933-4E17-97FE-33ED6CA715BC}"
EndProject
Project("{2150E333-8FDC-42A3-9474-1A3956D46DE8}") = "tests", "tests", "{7F5125ED-7A80-45B2-8A12-276C12F8387C}"
EndProject
Project("{2150E333-8FDC-42A3-9474-1A3956D46DE8}") = "Identity.API", "Identity.API", "{CF774D1F-D770-4A91-90C7-CD72790A3A93}"
EndProject
Project("{FAE04EC0-301F-11D3-BF4B-00C04F79EFBC}") = "Identity.API.ITests", "tests\Identity.API\Identity.API.ITests\Identity.API.ITests.csproj", "{C9CDAE85-9601-4840-9EB3-61B0D1D02897}"
EndProject
Project("{2150E333-8FDC-42A3-9474-1A3956D46DE8}") = "Ex", "Ex", "{7A9BFEC9-1F2D-4EC8-969B-A9EBB69FC766}"
EndProject
Project("{FAE04EC0-301F-11D3-BF4B-00C04F79EFBC}") = "Ex.Infra.ITests", "tests\Ex\Ex.Infra.ITests\Ex.Infra.ITests.csproj", "{557DB452-6F5C-4758-A7A5-7A29874DB2C2}"
EndProject
Project("{FAE04EC0-301F-11D3-BF4B-00C04F79EFBC}") = "Ex.Domain.UTests", "tests\Ex\Ex.Domain.UTests\Ex.Domain.UTests.csproj", "{DC793F8C-BF0E-4B5B-B52E-AF97967DE133}"
EndProject
Project("{FAE04EC0-301F-11D3-BF4B-00C04F79EFBC}") = "Ex.App.UTests", "tests\Ex\Ex.App.UTests\Ex.App.UTests.csproj", "{C41C649A-356F-4EB2-96B5-399081CA1693}"
EndProject
Project("{FAE04EC0-301F-11D3-BF4B-00C04F79EFBC}") = "Ex.API.ITests", "tests\Ex\Ex.API.ITests\Ex.API.ITests.csproj", "{62547E67-8E22-44E9-B712-A85664339900}"
EndProject
Global
	GlobalSection(SolutionConfigurationPlatforms) = preSolution
		Debug|Any CPU = Debug|Any CPU
		Release|Any CPU = Release|Any CPU
	EndGlobalSection
	GlobalSection(SolutionProperties) = preSolution
		HideSolutionNode = FALSE
	EndGlobalSection
	GlobalSection(ProjectConfigurationPlatforms) = postSolution
		{F705B096-F3B1-423E-84E6-EB46AF7F9820}.Debug|Any CPU.ActiveCfg = Debug|Any CPU
		{F705B096-F3B1-423E-84E6-EB46AF7F9820}.Debug|Any CPU.Build.0 = Debug|Any CPU
		{F705B096-F3B1-423E-84E6-EB46AF7F9820}.Release|Any CPU.ActiveCfg = Release|Any CPU
		{F705B096-F3B1-423E-84E6-EB46AF7F9820}.Release|Any CPU.Build.0 = Release|Any CPU
		{31A7FFA5-4EBF-45B2-9643-C9A12788AF2C}.Debug|Any CPU.ActiveCfg = Debug|Any CPU
		{31A7FFA5-4EBF-45B2-9643-C9A12788AF2C}.Debug|Any CPU.Build.0 = Debug|Any CPU
		{31A7FFA5-4EBF-45B2-9643-C9A12788AF2C}.Release|Any CPU.ActiveCfg = Release|Any CPU
		{31A7FFA5-4EBF-45B2-9643-C9A12788AF2C}.Release|Any CPU.Build.0 = Release|Any CPU
		{9C3BFE08-2A79-46F5-9011-5FD21D38E0BD}.Debug|Any CPU.ActiveCfg = Debug|Any CPU
		{9C3BFE08-2A79-46F5-9011-5FD21D38E0BD}.Debug|Any CPU.Build.0 = Debug|Any CPU
		{9C3BFE08-2A79-46F5-9011-5FD21D38E0BD}.Release|Any CPU.ActiveCfg = Release|Any CPU
		{9C3BFE08-2A79-46F5-9011-5FD21D38E0BD}.Release|Any CPU.Build.0 = Release|Any CPU
		{F0C6CF92-6CD6-432A-AB96-F58B36C61652}.Debug|Any CPU.ActiveCfg = Debug|Any CPU
		{F0C6CF92-6CD6-432A-AB96-F58B36C61652}.Debug|Any CPU.Build.0 = Debug|Any CPU
		{F0C6CF92-6CD6-432A-AB96-F58B36C61652}.Release|Any CPU.ActiveCfg = Release|Any CPU
		{F0C6CF92-6CD6-432A-AB96-F58B36C61652}.Release|Any CPU.Build.0 = Release|Any CPU
		{155FEFEB-D933-4E17-97FE-33ED6CA715BC}.Debug|Any CPU.ActiveCfg = Debug|Any CPU
		{155FEFEB-D933-4E17-97FE-33ED6CA715BC}.Debug|Any CPU.Build.0 = Debug|Any CPU
		{155FEFEB-D933-4E17-97FE-33ED6CA715BC}.Release|Any CPU.ActiveCfg = Release|Any CPU
		{155FEFEB-D933-4E17-97FE-33ED6CA715BC}.Release|Any CPU.Build.0 = Release|Any CPU
		{C9CDAE85-9601-4840-9EB3-61B0D1D02897}.Debug|Any CPU.ActiveCfg = Debug|Any CPU
		{C9CDAE85-9601-4840-9EB3-61B0D1D02897}.Debug|Any CPU.Build.0 = Debug|Any CPU
		{C9CDAE85-9601-4840-9EB3-61B0D1D02897}.Release|Any CPU.ActiveCfg = Release|Any CPU
		{C9CDAE85-9601-4840-9EB3-61B0D1D02897}.Release|Any CPU.Build.0 = Release|Any CPU
		{557DB452-6F5C-4758-A7A5-7A29874DB2C2}.Debug|Any CPU.ActiveCfg = Debug|Any CPU
		{557DB452-6F5C-4758-A7A5-7A29874DB2C2}.Debug|Any CPU.Build.0 = Debug|Any CPU
		{557DB452-6F5C-4758-A7A5-7A29874DB2C2}.Release|Any CPU.ActiveCfg = Release|Any CPU
		{557DB452-6F5C-4758-A7A5-7A29874DB2C2}.Release|Any CPU.Build.0 = Release|Any CPU
		{DC793F8C-BF0E-4B5B-B52E-AF97967DE133}.Debug|Any CPU.ActiveCfg = Debug|Any CPU
		{DC793F8C-BF0E-4B5B-B52E-AF97967DE133}.Debug|Any CPU.Build.0 = Debug|Any CPU
		{DC793F8C-BF0E-4B5B-B52E-AF97967DE133}.Release|Any CPU.ActiveCfg = Release|Any CPU
		{DC793F8C-BF0E-4B5B-B52E-AF97967DE133}.Release|Any CPU.Build.0 = Release|Any CPU
		{C41C649A-356F-4EB2-96B5-399081CA1693}.Debug|Any CPU.ActiveCfg = Debug|Any CPU
		{C41C649A-356F-4EB2-96B5-399081CA1693}.Debug|Any CPU.Build.0 = Debug|Any CPU
		{C41C649A-356F-4EB2-96B5-399081CA1693}.Release|Any CPU.ActiveCfg = Release|Any CPU
		{C41C649A-356F-4EB2-96B5-399081CA1693}.Release|Any CPU.Build.0 = Release|Any CPU
		{62547E67-8E22-44E9-B712-A85664339900}.Debug|Any CPU.ActiveCfg = Debug|Any CPU
		{62547E67-8E22-44E9-B712-A85664339900}.Debug|Any CPU.Build.0 = Debug|Any CPU
		{62547E67-8E22-44E9-B712-A85664339900}.Release|Any CPU.ActiveCfg = Release|Any CPU
		{62547E67-8E22-44E9-B712-A85664339900}.Release|Any CPU.Build.0 = Release|Any CPU
	EndGlobalSection
	GlobalSection(NestedProjects) = preSolution
		{F705B096-F3B1-423E-84E6-EB46AF7F9820} = {80EF6A7B-7483-4B69-816D-461AE3C2640F}
		{282655AB-4E36-45F5-8A8D-99EA6F38DB78} = {80EF6A7B-7483-4B69-816D-461AE3C2640F}
		{31A7FFA5-4EBF-45B2-9643-C9A12788AF2C} = {282655AB-4E36-45F5-8A8D-99EA6F38DB78}
		{9C3BFE08-2A79-46F5-9011-5FD21D38E0BD} = {282655AB-4E36-45F5-8A8D-99EA6F38DB78}
		{F0C6CF92-6CD6-432A-AB96-F58B36C61652} = {282655AB-4E36-45F5-8A8D-99EA6F38DB78}
		{155FEFEB-D933-4E17-97FE-33ED6CA715BC} = {282655AB-4E36-45F5-8A8D-99EA6F38DB78}
		{CF774D1F-D770-4A91-90C7-CD72790A3A93} = {7F5125ED-7A80-45B2-8A12-276C12F8387C}
		{C9CDAE85-9601-4840-9EB3-61B0D1D02897} = {CF774D1F-D770-4A91-90C7-CD72790A3A93}
		{7A9BFEC9-1F2D-4EC8-969B-A9EBB69FC766} = {7F5125ED-7A80-45B2-8A12-276C12F8387C}
		{557DB452-6F5C-4758-A7A5-7A29874DB2C2} = {7A9BFEC9-1F2D-4EC8-969B-A9EBB69FC766}
		{DC793F8C-BF0E-4B5B-B52E-AF97967DE133} = {7A9BFEC9-1F2D-4EC8-969B-A9EBB69FC766}
		{C41C649A-356F-4EB2-96B5-399081CA1693} = {7A9BFEC9-1F2D-4EC8-969B-A9EBB69FC766}
		{62547E67-8E22-44E9-B712-A85664339900} = {7A9BFEC9-1F2D-4EC8-969B-A9EBB69FC766}
	EndGlobalSection
EndGlobal
